// !$*UTF8*$!
{
	archiveVersion = 1;
	classes = {
	};
	objectVersion = 50;
	objects = {

/* Begin PBXBuildFile section */
		9C8B9AB2255CA48E0035DCA9 /* main.swift in Sources */ = {isa = PBXBuildFile; fileRef = 9C8B9AB1255CA48E0035DCA9 /* main.swift */; };
		9C8B9AB9255CA5580035DCA9 /* Student.swift in Sources */ = {isa = PBXBuildFile; fileRef = 9C8B9AB8255CA5580035DCA9 /* Student.swift */; };
		9C8B9ABD255CBE770035DCA9 /* Student_Type.swift in Sources */ = {isa = PBXBuildFile; fileRef = 9C8B9ABC255CBE770035DCA9 /* Student_Type.swift */; };
		9C8B9ABF255CBEB10035DCA9 /* StudentTranscript.swift in Sources */ = {isa = PBXBuildFile; fileRef = 9C8B9ABE255CBEB10035DCA9 /* StudentTranscript.swift */; };
		9C8B9AC1255CBEDC0035DCA9 /* UndergraduateStudentTranscript.swift in Sources */ = {isa = PBXBuildFile; fileRef = 9C8B9AC0255CBEDC0035DCA9 /* UndergraduateStudentTranscript.swift */; };
		9C8B9AC3255CBF1B0035DCA9 /* PostGraduateStudentTranscript.swift in Sources */ = {isa = PBXBuildFile; fileRef = 9C8B9AC2255CBF1B0035DCA9 /* PostGraduateStudentTranscript.swift */; };
		9C8B9AC5255CBF3F0035DCA9 /* Course.swift in Sources */ = {isa = PBXBuildFile; fileRef = 9C8B9AC4255CBF3F0035DCA9 /* Course.swift */; };
		9C8B9AC7255CBF620035DCA9 /* Printable.swift in Sources */ = {isa = PBXBuildFile; fileRef = 9C8B9AC6255CBF620035DCA9 /* Printable.swift */; };
/* End PBXBuildFile section */

/* Begin PBXCopyFilesBuildPhase section */
		9C8B9AAC255CA48E0035DCA9 /* CopyFiles */ = {
			isa = PBXCopyFilesBuildPhase;
			buildActionMask = 2147483647;
			dstPath = /usr/share/man/man1/;
			dstSubfolderSpec = 0;
			files = (
			);
			runOnlyForDeploymentPostprocessing = 1;
		};
/* End PBXCopyFilesBuildPhase section */

/* Begin PBXFileReference section */
		9C8B9AAE255CA48E0035DCA9 /* FinalExam_Maham_101328732 */ = {isa = PBXFileReference; explicitFileType = "compiled.mach-o.executable"; includeInIndex = 0; path = FinalExam_Maham_101328732; sourceTree = BUILT_PRODUCTS_DIR; };
		9C8B9AB1255CA48E0035DCA9 /* main.swift */ = {isa = PBXFileReference; lastKnownFileType = sourcecode.swift; path = main.swift; sourceTree = "<group>"; };
		9C8B9AB8255CA5580035DCA9 /* Student.swift */ = {isa = PBXFileReference; lastKnownFileType = sourcecode.swift; path = Student.swift; sourceTree = "<group>"; };
		9C8B9ABC255CBE770035DCA9 /* Student_Type.swift */ = {isa = PBXFileReference; lastKnownFileType = sourcecode.swift; path = Student_Type.swift; sourceTree = "<group>"; };
		9C8B9ABE255CBEB10035DCA9 /* StudentTranscript.swift */ = {isa = PBXFileReference; lastKnownFileType = sourcecode.swift; path = StudentTranscript.swift; sourceTree = "<group>"; };
		9C8B9AC0255CBEDC0035DCA9 /* UndergraduateStudentTranscript.swift */ = {isa = PBXFileReference; lastKnownFileType = sourcecode.swift; path = UndergraduateStudentTranscript.swift; sourceTree = "<group>"; };
		9C8B9AC2255CBF1B0035DCA9 /* PostGraduateStudentTranscript.swift */ = {isa = PBXFileReference; lastKnownFileType = sourcecode.swift; path = PostGraduateStudentTranscript.swift; sourceTree = "<group>"; };
		9C8B9AC4255CBF3F0035DCA9 /* Course.swift */ = {isa = PBXFileReference; lastKnownFileType = sourcecode.swift; path = Course.swift; sourceTree = "<group>"; };
		9C8B9AC6255CBF620035DCA9 /* Printable.swift */ = {isa = PBXFileReference; lastKnownFileType = sourcecode.swift; path = Printable.swift; sourceTree = "<group>"; };
/* End PBXFileReference section */

/* Begin PBXFrameworksBuildPhase section */
		9C8B9AAB255CA48E0035DCA9 /* Frameworks */ = {
			isa = PBXFrameworksBuildPhase;
			buildActionMask = 2147483647;
			files = (
			);
			runOnlyForDeploymentPostprocessing = 0;
		};
/* End PBXFrameworksBuildPhase section */

/* Begin PBXGroup section */
		9C8B9AA5255CA48E0035DCA9 = {
			isa = PBXGroup;
			children = (
				9C8B9AB0255CA48E0035DCA9 /* FinalExam_Maham_101328732 */,
				9C8B9AAF255CA48E0035DCA9 /* Products */,
			);
			sourceTree = "<group>";
		};
		9C8B9AAF255CA48E0035DCA9 /* Products */ = {
			isa = PBXGroup;
			children = (
				9C8B9AAE255CA48E0035DCA9 /* FinalExam_Maham_101328732 */,
			);
			name = Products;
			sourceTree = "<group>";
		};
		9C8B9AB0255CA48E0035DCA9 /* FinalExam_Maham_101328732 */ = {
			isa = PBXGroup;
			children = (
				9C8B9AB1255CA48E0035DCA9 /* main.swift */,
				9C8B9AB8255CA5580035DCA9 /* Student.swift */,
				9C8B9ABC255CBE770035DCA9 /* Student_Type.swift */,
				9C8B9ABE255CBEB10035DCA9 /* StudentTranscript.swift */,
				9C8B9AC0255CBEDC0035DCA9 /* UndergraduateStudentTranscript.swift */,
				9C8B9AC2255CBF1B0035DCA9 /* PostGraduateStudentTranscript.swift */,
				9C8B9AC4255CBF3F0035DCA9 /* Course.swift */,
				9C8B9AC6255CBF620035DCA9 /* Printable.swift */,
			);
			path = FinalExam_Maham_101328732;
			sourceTree = "<group>";
		};
/* End PBXGroup section */

/* Begin PBXNativeTarget section */
		9C8B9AAD255CA48E0035DCA9 /* FinalExam_Maham_101328732 */ = {
			isa = PBXNativeTarget;
			buildConfigurationList = 9C8B9AB5255CA48E0035DCA9 /* Build configuration list for PBXNativeTarget "FinalExam_Maham_101328732" */;
			buildPhases = (
				9C8B9AAA255CA48E0035DCA9 /* Sources */,
				9C8B9AAB255CA48E0035DCA9 /* Frameworks */,
				9C8B9AAC255CA48E0035DCA9 /* CopyFiles */,
			);
			buildRules = (
			);
			dependencies = (
			);
			name = FinalExam_Maham_101328732;
			productName = FinalExam_Maham_101328732;
			productReference = 9C8B9AAE255CA48E0035DCA9 /* FinalExam_Maham_101328732 */;
			productType = "com.apple.product-type.tool";
		};
/* End PBXNativeTarget section */

/* Begin PBXProject section */
		9C8B9AA6255CA48E0035DCA9 /* Project object */ = {
			isa = PBXProject;
			attributes = {
				LastSwiftUpdateCheck = 1150;
				LastUpgradeCheck = 1150;
				ORGANIZATIONNAME = "Maham Shamail";
				TargetAttributes = {
					9C8B9AAD255CA48E0035DCA9 = {
						CreatedOnToolsVersion = 11.5;
					};
				};
			};
			buildConfigurationList = 9C8B9AA9255CA48E0035DCA9 /* Build configuration list for PBXProject "FinalExam_Maham_101328732" */;
			compatibilityVersion = "Xcode 9.3";
			developmentRegion = en;
			hasScannedForEncodings = 0;
			knownRegions = (
				en,
				Base,
			);
			mainGroup = 9C8B9AA5255CA48E0035DCA9;
			productRefGroup = 9C8B9AAF255CA48E0035DCA9 /* Products */;
			projectDirPath = "";
			projectRoot = "";
			targets = (
				9C8B9AAD255CA48E0035DCA9 /* FinalExam_Maham_101328732 */,
			);
		};
/* End PBXProject section */

/* Begin PBXSourcesBuildPhase section */
		9C8B9AAA255CA48E0035DCA9 /* Sources */ = {
			isa = PBXSourcesBuildPhase;
			buildActionMask = 2147483647;
			files = (
				9C8B9AC3255CBF1B0035DCA9 /* PostGraduateStudentTranscript.swift in Sources */,
				9C8B9AC5255CBF3F0035DCA9 /* Course.swift in Sources */,
				9C8B9AB2255CA48E0035DCA9 /* main.swift in Sources */,
				9C8B9AC7255CBF620035DCA9 /* Printable.swift in Sources */,
				9C8B9ABD255CBE770035DCA9 /* Student_Type.swift in Sources */,
				9C8B9AB9255CA5580035DCA9 /* Student.swift in Sources */,
				9C8B9ABF255CBEB10035DCA9 /* StudentTranscript.swift in Sources */,
				9C8B9AC1255CBEDC0035DCA9 /* UndergraduateStudentTranscript.swift in Sources */,
			);
			runOnlyForDeploymentPostprocessing = 0;
		};
/* End PBXSourcesBuildPhase section */

/* Begin XCBuildConfiguration section */
		9C8B9AB3255CA48E0035DCA9 /* Debug */ = {
			isa = XCBuildConfiguration;
			buildSettings = {
				ALWAYS_SEARCH_USER_PATHS = NO;
				CLANG_ANALYZER_NONNULL = YES;
				CLANG_ANALYZER_NUMBER_OBJECT_CONVERSION = YES_AGGRESSIVE;
				CLANG_CXX_LANGUAGE_STANDARD = "gnu++14";
				CLANG_CXX_LIBRARY = "libc++";
				CLANG_ENABLE_MODULES = YES;
				CLANG_ENABLE_OBJC_ARC = YES;
				CLANG_ENABLE_OBJC_WEAK = YES;
				CLANG_WARN_BLOCK_CAPTURE_AUTORELEASING = YES;
				CLANG_WARN_BOOL_CONVERSION = YES;
				CLANG_WARN_COMMA = YES;
				CLANG_WARN_CONSTANT_CONVERSION = YES;
				CLANG_WARN_DEPRECATED_OBJC_IMPLEMENTATIONS = YES;
				CLANG_WARN_DIRECT_OBJC_ISA_USAGE = YES_ERROR;
				CLANG_WARN_DOCUMENTATION_COMMENTS = YES;
				CLANG_WARN_EMPTY_BODY = YES;
				CLANG_WARN_ENUM_CONVERSION = YES;
				CLANG_WARN_INFINITE_RECURSION = YES;
				CLANG_WARN_INT_CONVERSION = YES;
				CLANG_WARN_NON_LITERAL_NULL_CONVERSION = YES;
				CLANG_WARN_OBJC_IMPLICIT_RETAIN_SELF = YES;
				CLANG_WARN_OBJC_LITERAL_CONVERSION = YES;
				CLANG_WARN_OBJC_ROOT_CLASS = YES_ERROR;
				CLANG_WARN_RANGE_LOOP_ANALYSIS = YES;
				CLANG_WARN_STRICT_PROTOTYPES = YES;
				CLANG_WARN_SUSPICIOUS_MOVE = YES;
				CLANG_WARN_UNGUARDED_AVAILABILITY = YES_AGGRESSIVE;
				CLANG_WARN_UNREACHABLE_CODE = YES;
				CLANG_WARN__DUPLICATE_METHOD_MATCH = YES;
				COPY_PHASE_STRIP = NO;
				DEBUG_INFORMATION_FORMAT = dwarf;
				ENABLE_STRICT_OBJC_MSGSEND = YES;
				ENABLE_TESTABILITY = YES;
				GCC_C_LANGUAGE_STANDARD = gnu11;
				GCC_DYNAMIC_NO_PIC = NO;
				GCC_NO_COMMON_BLOCKS = YES;
				GCC_OPTIMIZATION_LEVEL = 0;
				GCC_PREPROCESSOR_DEFINITIONS = (
					"DEBUG=1",
					"$(inherited)",
				);
				GCC_WARN_64_TO_32_BIT_CONVERSION = YES;
				GCC_WARN_ABOUT_RETURN_TYPE = YES_ERROR;
				GCC_WARN_UNDECLARED_SELECTOR = YES;
				GCC_WARN_UNINITIALIZED_AUTOS = YES_AGGRESSIVE;
				GCC_WARN_UNUSED_FUNCTION = YES;
				GCC_WARN_UNUSED_VARIABLE = YES;
				MACOSX_DEPLOYMENT_TARGET = 10.15;
				MTL_ENABLE_DEBUG_INFO = INCLUDE_SOURCE;
				MTL_FAST_MATH = YES;
				ONLY_ACTIVE_ARCH = YES;
				SDKROOT = macosx;
				SWIFT_ACTIVE_COMPILATION_CONDITIONS = DEBUG;
				SWIFT_OPTIMIZATION_LEVEL = "-Onone";
			};
			name = Debug;
		};
		9C8B9AB4255CA48E0035DCA9 /* Release */ = {
			isa = XCBuildConfiguration;
			buildSettings = {
				ALWAYS_SEARCH_USER_PATHS = NO;
				CLANG_ANALYZER_NONNULL = YES;
				CLANG_ANALYZER_NUMBER_OBJECT_CONVERSION = YES_AGGRESSIVE;
				CLANG_CXX_LANGUAGE_STANDARD = "gnu++14";
				CLANG_CXX_LIBRARY = "libc++";
				CLANG_ENABLE_MODULES = YES;
				CLANG_ENABLE_OBJC_ARC = YES;
				CLANG_ENABLE_OBJC_WEAK = YES;
				CLANG_WARN_BLOCK_CAPTURE_AUTORELEASING = YES;
				CLANG_WARN_BOOL_CONVERSION = YES;
				CLANG_WARN_COMMA = YES;
				CLANG_WARN_CONSTANT_CONVERSION = YES;
				CLANG_WARN_DEPRECATED_OBJC_IMPLEMENTATIONS = YES;
				CLANG_WARN_DIRECT_OBJC_ISA_USAGE = YES_ERROR;
				CLANG_WARN_DOCUMENTATION_COMMENTS = YES;
				CLANG_WARN_EMPTY_BODY = YES;
				CLANG_WARN_ENUM_CONVERSION = YES;
				CLANG_WARN_INFINITE_RECURSION = YES;
				CLANG_WARN_INT_CONVERSION = YES;
				CLANG_WARN_NON_LITERAL_NULL_CONVERSION = YES;
				CLANG_WARN_OBJC_IMPLICIT_RETAIN_SELF = YES;
				CLANG_WARN_OBJC_LITERAL_CONVERSION = YES;
				CLANG_WARN_OBJC_ROOT_CLASS = YES_ERROR;
				CLANG_WARN_RANGE_LOOP_ANALYSIS = YES;
				CLANG_WARN_STRICT_PROTOTYPES = YES;
				CLANG_WARN_SUSPICIOUS_MOVE = YES;
				CLANG_WARN_UNGUARDED_AVAILABILITY = YES_AGGRESSIVE;
				CLANG_WARN_UNREACHABLE_CODE = YES;
				CLANG_WARN__DUPLICATE_METHOD_MATCH = YES;
				COPY_PHASE_STRIP = NO;
				DEBUG_INFORMATION_FORMAT = "dwarf-with-dsym";
				ENABLE_NS_ASSERTIONS = NO;
				ENABLE_STRICT_OBJC_MSGSEND = YES;
				GCC_C_LANGUAGE_STANDARD = gnu11;
				GCC_NO_COMMON_BLOCKS = YES;
				GCC_WARN_64_TO_32_BIT_CONVERSION = YES;
				GCC_WARN_ABOUT_RETURN_TYPE = YES_ERROR;
				GCC_WARN_UNDECLARED_SELECTOR = YES;
				GCC_WARN_UNINITIALIZED_AUTOS = YES_AGGRESSIVE;
				GCC_WARN_UNUSED_FUNCTION = YES;
				GCC_WARN_UNUSED_VARIABLE = YES;
				MACOSX_DEPLOYMENT_TARGET = 10.15;
				MTL_ENABLE_DEBUG_INFO = NO;
				MTL_FAST_MATH = YES;
				SDKROOT = macosx;
				SWIFT_COMPILATION_MODE = wholemodule;
				SWIFT_OPTIMIZATION_LEVEL = "-O";
			};
			name = Release;
		};
		9C8B9AB6255CA48E0035DCA9 /* Debug */ = {
			isa = XCBuildConfiguration;
			buildSettings = {
				CODE_SIGN_STYLE = Automatic;
				PRODUCT_NAME = "$(TARGET_NAME)";
				SWIFT_VERSION = 5.0;
			};
			name = Debug;
		};
		9C8B9AB7255CA48E0035DCA9 /* Release */ = {
			isa = XCBuildConfiguration;
			buildSettings = {
				CODE_SIGN_STYLE = Automatic;
				PRODUCT_NAME = "$(TARGET_NAME)";
				SWIFT_VERSION = 5.0;
			};
			name = Release;
		};
/* End XCBuildConfiguration section */

/* Begin XCConfigurationList section */
		9C8B9AA9255CA48E0035DCA9 /* Build configuration list for PBXProject "FinalExam_Maham_101328732" */ = {
			isa = XCConfigurationList;
			buildConfigurations = (
				9C8B9AB3255CA48E0035DCA9 /* Debug */,
				9C8B9AB4255CA48E0035DCA9 /* Release */,
			);
			defaultConfigurationIsVisible = 0;
			defaultConfigurationName = Release;
		};
		9C8B9AB5255CA48E0035DCA9 /* Build configuration list for PBXNativeTarget "FinalExam_Maham_101328732" */ = {
			isa = XCConfigurationList;
			buildConfigurations = (
				9C8B9AB6255CA48E0035DCA9 /* Debug */,
				9C8B9AB7255CA48E0035DCA9 /* Release */,
			);
			defaultConfigurationIsVisible = 0;
			defaultConfigurationName = Release;
		};
/* End XCConfigurationList section */
	};
	rootObject = 9C8B9AA6255CA48E0035DCA9 /* Project object */;
}
